
Microsoft Visual Studio Solution File, Format Version 12.00
# Visual Studio Version 16
VisualStudioVersion = 16.0.31019.35
MinimumVisualStudioVersion = 10.0.40219.1
Project("{2150E333-8FDC-42A3-9474-1A3956D46DE8}") = "src", "src", "{9CD8CE05-D86D-4BEF-B936-7E0E81F822D0}"
EndProject
Project("{2150E333-8FDC-42A3-9474-1A3956D46DE8}") = "example", "example", "{C03948CC-40DD-4B36-8D7B-1916A603BD4A}"
EndProject
Project("{9A19103F-16F7-4668-BE54-9A1E7A4F7556}") = "EasySharp", "src\EasySharp\EasySharp.csproj", "{78B708BB-FE17-457A-BFB3-DC8E1856B529}"
EndProject
Project("{FAE04EC0-301F-11D3-BF4B-00C04F79EFBC}") = "simple-logger.example.app", "example\simple-logger.example.app\simple-logger.example.app.csproj", "{D7FAF2E9-1FE7-4486-BEF9-3E8FF619904E}"
EndProject
Global
	GlobalSection(SolutionConfigurationPlatforms) = preSolution
		Debug|Any CPU = Debug|Any CPU
		Release|Any CPU = Release|Any CPU
	EndGlobalSection
	GlobalSection(ProjectConfigurationPlatforms) = postSolution
		{78B708BB-FE17-457A-BFB3-DC8E1856B529}.Debug|Any CPU.ActiveCfg = Debug|Any CPU
		{78B708BB-FE17-457A-BFB3-DC8E1856B529}.Debug|Any CPU.Build.0 = Debug|Any CPU
		{78B708BB-FE17-457A-BFB3-DC8E1856B529}.Release|Any CPU.ActiveCfg = Release|Any CPU
		{78B708BB-FE17-457A-BFB3-DC8E1856B529}.Release|Any CPU.Build.0 = Release|Any CPU
		{D7FAF2E9-1FE7-4486-BEF9-3E8FF619904E}.Debug|Any CPU.ActiveCfg = Debug|Any CPU
		{D7FAF2E9-1FE7-4486-BEF9-3E8FF619904E}.Debug|Any CPU.Build.0 = Debug|Any CPU
		{D7FAF2E9-1FE7-4486-BEF9-3E8FF619904E}.Release|Any CPU.ActiveCfg = Release|Any CPU
		{D7FAF2E9-1FE7-4486-BEF9-3E8FF619904E}.Release|Any CPU.Build.0 = Release|Any CPU
	EndGlobalSection
	GlobalSection(SolutionProperties) = preSolution
		HideSolutionNode = FALSE
	EndGlobalSection
	GlobalSection(NestedProjects) = preSolution
		{78B708BB-FE17-457A-BFB3-DC8E1856B529} = {9CD8CE05-D86D-4BEF-B936-7E0E81F822D0}
		{D7FAF2E9-1FE7-4486-BEF9-3E8FF619904E} = {C03948CC-40DD-4B36-8D7B-1916A603BD4A}
	EndGlobalSection
	GlobalSection(ExtensibilityGlobals) = postSolution
		SolutionGuid = {2DFD7E92-EF81-45CF-9092-B1421B8E7B38}
	EndGlobalSection
EndGlobal
